github.com/Colstuwjx/awx-go v0.0.3 h1:8L2bf/cyYfiA/HylJ/mlvYBgw+TVFEp9kfxsxr9Pho0=
github.com/Colstuwjx/awx-go v0.0.3/go.mod h1:d71rv1fqgvBNZLKKUOvBNUCEgOyeGAmxXuN1NzomqNs=
github.com/kylelemons/godebug v0.0.0-20170820004349-d65d576e9348 h1:MtvEpTB6LX3vkb4ax0b5D2DHbNAUsen0Gx5wZoq3lV4=
github.com/kylelemons/godebug v0.0.0-20170820004349-d65d576e9348/go.mod h1:B69LEHPfb2qLo0BaaOLcbitczOKLWTsrBG9LczfCD4k=
